
Microsoft Visual Studio Solution File, Format Version 12.00
# Visual Studio 15
VisualStudioVersion = 15.0.28307.902
MinimumVisualStudioVersion = 10.0.40219.1
Project("{FAE04EC0-301F-11D3-BF4B-00C04F79EFBC}") = "Progetto3.Android", "Progetto3\Progetto3.Android\Progetto3.Android.csproj", "{C6F9AB76-8BBB-47C3-BCB2-EA3F0F551BD0}"
EndProject
Project("{FAE04EC0-301F-11D3-BF4B-00C04F79EFBC}") = "Progetto3.iOS", "Progetto3\Progetto3.iOS\Progetto3.iOS.csproj", "{423971B4-E1AE-4927-8B9D-1B77F76CBE01}"
EndProject
Project("{FAE04EC0-301F-11D3-BF4B-00C04F79EFBC}") = "Progetto3", "Progetto3\Progetto3\Progetto3.csproj", "{2AB51C16-0D45-4CA2-9D7B-FB1A8D0C7663}"
EndProject
Global
	GlobalSection(SolutionConfigurationPlatforms) = preSolution
		Ad-Hoc|Any CPU = Ad-Hoc|Any CPU
		Ad-Hoc|iPhone = Ad-Hoc|iPhone
		Ad-Hoc|iPhoneSimulator = Ad-Hoc|iPhoneSimulator
		AppStore|Any CPU = AppStore|Any CPU
		AppStore|iPhone = AppStore|iPhone
		AppStore|iPhoneSimulator = AppStore|iPhoneSimulator
		Debug|Any CPU = Debug|Any CPU
		Debug|iPhone = Debug|iPhone
		Debug|iPhoneSimulator = Debug|iPhoneSimulator
		Release|Any CPU = Release|Any CPU
		Release|iPhone = Release|iPhone
		Release|iPhoneSimulator = Release|iPhoneSimulator
	EndGlobalSection
	GlobalSection(ProjectConfigurationPlatforms) = postSolution
		{C6F9AB76-8BBB-47C3-BCB2-EA3F0F551BD0}.Ad-Hoc|Any CPU.ActiveCfg = Release|Any CPU
		{C6F9AB76-8BBB-47C3-BCB2-EA3F0F551BD0}.Ad-Hoc|Any CPU.Build.0 = Release|Any CPU
		{C6F9AB76-8BBB-47C3-BCB2-EA3F0F551BD0}.Ad-Hoc|Any CPU.Deploy.0 = Release|Any CPU
		{C6F9AB76-8BBB-47C3-BCB2-EA3F0F551BD0}.Ad-Hoc|iPhone.ActiveCfg = Release|Any CPU
		{C6F9AB76-8BBB-47C3-BCB2-EA3F0F551BD0}.Ad-Hoc|iPhone.Build.0 = Release|Any CPU
		{C6F9AB76-8BBB-47C3-BCB2-EA3F0F551BD0}.Ad-Hoc|iPhone.Deploy.0 = Release|Any CPU
		{C6F9AB76-8BBB-47C3-BCB2-EA3F0F551BD0}.Ad-Hoc|iPhoneSimulator.ActiveCfg = Release|Any CPU
		{C6F9AB76-8BBB-47C3-BCB2-EA3F0F551BD0}.Ad-Hoc|iPhoneSimulator.Build.0 = Release|Any CPU
		{C6F9AB76-8BBB-47C3-BCB2-EA3F0F551BD0}.Ad-Hoc|iPhoneSimulator.Deploy.0 = Release|Any CPU
		{C6F9AB76-8BBB-47C3-BCB2-EA3F0F551BD0}.AppStore|Any CPU.ActiveCfg = Release|Any CPU
		{C6F9AB76-8BBB-47C3-BCB2-EA3F0F551BD0}.AppStore|Any CPU.Build.0 = Release|Any CPU
		{C6F9AB76-8BBB-47C3-BCB2-EA3F0F551BD0}.AppStore|Any CPU.Deploy.0 = Release|Any CPU
		{C6F9AB76-8BBB-47C3-BCB2-EA3F0F551BD0}.AppStore|iPhone.ActiveCfg = Release|Any CPU
		{C6F9AB76-8BBB-47C3-BCB2-EA3F0F551BD0}.AppStore|iPhone.Build.0 = Release|Any CPU
		{C6F9AB76-8BBB-47C3-BCB2-EA3F0F551BD0}.AppStore|iPhone.Deploy.0 = Release|Any CPU
		{C6F9AB76-8BBB-47C3-BCB2-EA3F0F551BD0}.AppStore|iPhoneSimulator.ActiveCfg = Release|Any CPU
		{C6F9AB76-8BBB-47C3-BCB2-EA3F0F551BD0}.AppStore|iPhoneSimulator.Build.0 = Release|Any CPU
		{C6F9AB76-8BBB-47C3-BCB2-EA3F0F551BD0}.AppStore|iPhoneSimulator.Deploy.0 = Release|Any CPU
		{C6F9AB76-8BBB-47C3-BCB2-EA3F0F551BD0}.Debug|Any CPU.ActiveCfg = Debug|Any CPU
		{C6F9AB76-8BBB-47C3-BCB2-EA3F0F551BD0}.Debug|Any CPU.Build.0 = Debug|Any CPU
		{C6F9AB76-8BBB-47C3-BCB2-EA3F0F551BD0}.Debug|Any CPU.Deploy.0 = Debug|Any CPU
		{C6F9AB76-8BBB-47C3-BCB2-EA3F0F551BD0}.Debug|iPhone.ActiveCfg = Debug|Any CPU
		{C6F9AB76-8BBB-47C3-BCB2-EA3F0F551BD0}.Debug|iPhone.Build.0 = Debug|Any CPU
		{C6F9AB76-8BBB-47C3-BCB2-EA3F0F551BD0}.Debug|iPhone.Deploy.0 = Debug|Any CPU
		{C6F9AB76-8BBB-47C3-BCB2-EA3F0F551BD0}.Debug|iPhoneSimulator.ActiveCfg = Debug|Any CPU
		{C6F9AB76-8BBB-47C3-BCB2-EA3F0F551BD0}.Debug|iPhoneSimulator.Build.0 = Debug|Any CPU
		{C6F9AB76-8BBB-47C3-BCB2-EA3F0F551BD0}.Debug|iPhoneSimulator.Deploy.0 = Debug|Any CPU
		{C6F9AB76-8BBB-47C3-BCB2-EA3F0F551BD0}.Release|Any CPU.ActiveCfg = Release|Any CPU
		{C6F9AB76-8BBB-47C3-BCB2-EA3F0F551BD0}.Release|Any CPU.Build.0 = Release|Any CPU
		{C6F9AB76-8BBB-47C3-BCB2-EA3F0F551BD0}.Release|Any CPU.Deploy.0 = Release|Any CPU
		{C6F9AB76-8BBB-47C3-BCB2-EA3F0F551BD0}.Release|iPhone.ActiveCfg = Release|Any CPU
		{C6F9AB76-8BBB-47C3-BCB2-EA3F0F551BD0}.Release|iPhone.Build.0 = Release|Any CPU
		{C6F9AB76-8BBB-47C3-BCB2-EA3F0F551BD0}.Release|iPhone.Deploy.0 = Release|Any CPU
		{C6F9AB76-8BBB-47C3-BCB2-EA3F0F551BD0}.Release|iPhoneSimulator.ActiveCfg = Release|Any CPU
		{C6F9AB76-8BBB-47C3-BCB2-EA3F0F551BD0}.Release|iPhoneSimulator.Build.0 = Release|Any CPU
		{C6F9AB76-8BBB-47C3-BCB2-EA3F0F551BD0}.Release|iPhoneSimulator.Deploy.0 = Release|Any CPU
		{423971B4-E1AE-4927-8B9D-1B77F76CBE01}.Ad-Hoc|Any CPU.ActiveCfg = Ad-Hoc|iPhone
		{423971B4-E1AE-4927-8B9D-1B77F76CBE01}.Ad-Hoc|Any CPU.Build.0 = Ad-Hoc|iPhone
		{423971B4-E1AE-4927-8B9D-1B77F76CBE01}.Ad-Hoc|Any CPU.Deploy.0 = Ad-Hoc|iPhone
		{423971B4-E1AE-4927-8B9D-1B77F76CBE01}.Ad-Hoc|iPhone.ActiveCfg = Ad-Hoc|iPhone
		{423971B4-E1AE-4927-8B9D-1B77F76CBE01}.Ad-Hoc|iPhone.Build.0 = Ad-Hoc|iPhone
		{423971B4-E1AE-4927-8B9D-1B77F76CBE01}.Ad-Hoc|iPhone.Deploy.0 = Ad-Hoc|iPhone
		{423971B4-E1AE-4927-8B9D-1B77F76CBE01}.Ad-Hoc|iPhoneSimulator.ActiveCfg = Ad-Hoc|iPhoneSimulator
		{423971B4-E1AE-4927-8B9D-1B77F76CBE01}.Ad-Hoc|iPhoneSimulator.Build.0 = Ad-Hoc|iPhoneSimulator
		{423971B4-E1AE-4927-8B9D-1B77F76CBE01}.Ad-Hoc|iPhoneSimulator.Deploy.0 = Ad-Hoc|iPhoneSimulator
		{423971B4-E1AE-4927-8B9D-1B77F76CBE01}.AppStore|Any CPU.ActiveCfg = AppStore|iPhone
		{423971B4-E1AE-4927-8B9D-1B77F76CBE01}.AppStore|Any CPU.Build.0 = AppStore|iPhone
		{423971B4-E1AE-4927-8B9D-1B77F76CBE01}.AppStore|Any CPU.Deploy.0 = AppStore|iPhone
		{423971B4-E1AE-4927-8B9D-1B77F76CBE01}.AppStore|iPhone.ActiveCfg = AppStore|iPhone
		{423971B4-E1AE-4927-8B9D-1B77F76CBE01}.AppStore|iPhone.Build.0 = AppStore|iPhone
		{423971B4-E1AE-4927-8B9D-1B77F76CBE01}.AppStore|iPhone.Deploy.0 = AppStore|iPhone
		{423971B4-E1AE-4927-8B9D-1B77F76CBE01}.AppStore|iPhoneSimulator.ActiveCfg = AppStore|iPhoneSimulator
		{423971B4-E1AE-4927-8B9D-1B77F76CBE01}.AppStore|iPhoneSimulator.Build.0 = AppStore|iPhoneSimulator
		{423971B4-E1AE-4927-8B9D-1B77F76CBE01}.AppStore|iPhoneSimulator.Deploy.0 = AppStore|iPhoneSimulator
		{423971B4-E1AE-4927-8B9D-1B77F76CBE01}.Debug|Any CPU.ActiveCfg = Debug|iPhoneSimulator
		{423971B4-E1AE-4927-8B9D-1B77F76CBE01}.Debug|Any CPU.Build.0 = Debug|iPhoneSimulator
		{423971B4-E1AE-4927-8B9D-1B77F76CBE01}.Debug|Any CPU.Deploy.0 = Debug|iPhoneSimulator
		{423971B4-E1AE-4927-8B9D-1B77F76CBE01}.Debug|iPhone.ActiveCfg = Debug|iPhone
		{423971B4-E1AE-4927-8B9D-1B77F76CBE01}.Debug|iPhone.Build.0 = Debug|iPhone
		{423971B4-E1AE-4927-8B9D-1B77F76CBE01}.Debug|iPhone.Deploy.0 = Debug|iPhone
		{423971B4-E1AE-4927-8B9D-1B77F76CBE01}.Debug|iPhoneSimulator.ActiveCfg = Debug|iPhoneSimulator
		{423971B4-E1AE-4927-8B9D-1B77F76CBE01}.Debug|iPhoneSimulator.Build.0 = Debug|iPhoneSimulator
		{423971B4-E1AE-4927-8B9D-1B77F76CBE01}.Debug|iPhoneSimulator.Deploy.0 = Debug|iPhoneSimulator
		{423971B4-E1AE-4927-8B9D-1B77F76CBE01}.Release|Any CPU.ActiveCfg = Release|iPhone
		{423971B4-E1AE-4927-8B9D-1B77F76CBE01}.Release|Any CPU.Build.0 = Release|iPhone
		{423971B4-E1AE-4927-8B9D-1B77F76CBE01}.Release|Any CPU.Deploy.0 = Release|iPhone
		{423971B4-E1AE-4927-8B9D-1B77F76CBE01}.Release|iPhone.ActiveCfg = Release|iPhone
		{423971B4-E1AE-4927-8B9D-1B77F76CBE01}.Release|iPhone.Build.0 = Release|iPhone
		{423971B4-E1AE-4927-8B9D-1B77F76CBE01}.Release|iPhone.Deploy.0 = Release|iPhone
		{423971B4-E1AE-4927-8B9D-1B77F76CBE01}.Release|iPhoneSimulator.ActiveCfg = Release|iPhoneSimulator
		{423971B4-E1AE-4927-8B9D-1B77F76CBE01}.Release|iPhoneSimulator.Build.0 = Release|iPhoneSimulator
		{423971B4-E1AE-4927-8B9D-1B77F76CBE01}.Release|iPhoneSimulator.Deploy.0 = Release|iPhoneSimulator
		{2AB51C16-0D45-4CA2-9D7B-FB1A8D0C7663}.Ad-Hoc|Any CPU.ActiveCfg = Debug|Any CPU
		{2AB51C16-0D45-4CA2-9D7B-FB1A8D0C7663}.Ad-Hoc|Any CPU.Build.0 = Debug|Any CPU
		{2AB51C16-0D45-4CA2-9D7B-FB1A8D0C7663}.Ad-Hoc|Any CPU.Deploy.0 = Debug|Any CPU
		{2AB51C16-0D45-4CA2-9D7B-FB1A8D0C7663}.Ad-Hoc|iPhone.ActiveCfg = Debug|Any CPU
		{2AB51C16-0D45-4CA2-9D7B-FB1A8D0C7663}.Ad-Hoc|iPhone.Build.0 = Debug|Any CPU
		{2AB51C16-0D45-4CA2-9D7B-FB1A8D0C7663}.Ad-Hoc|iPhone.Deploy.0 = Debug|Any CPU
		{2AB51C16-0D45-4CA2-9D7B-FB1A8D0C7663}.Ad-Hoc|iPhoneSimulator.ActiveCfg = Debug|Any CPU
		{2AB51C16-0D45-4CA2-9D7B-FB1A8D0C7663}.Ad-Hoc|iPhoneSimulator.Build.0 = Debug|Any CPU
		{2AB51C16-0D45-4CA2-9D7B-FB1A8D0C7663}.Ad-Hoc|iPhoneSimulator.Deploy.0 = Debug|Any CPU
		{2AB51C16-0D45-4CA2-9D7B-FB1A8D0C7663}.AppStore|Any CPU.ActiveCfg = Debug|Any CPU
		{2AB51C16-0D45-4CA2-9D7B-FB1A8D0C7663}.AppStore|Any CPU.Build.0 = Debug|Any CPU
		{2AB51C16-0D45-4CA2-9D7B-FB1A8D0C7663}.AppStore|Any CPU.Deploy.0 = Debug|Any CPU
		{2AB51C16-0D45-4CA2-9D7B-FB1A8D0C7663}.AppStore|iPhone.ActiveCfg = Debug|Any CPU
		{2AB51C16-0D45-4CA2-9D7B-FB1A8D0C7663}.AppStore|iPhone.Build.0 = Debug|Any CPU
		{2AB51C16-0D45-4CA2-9D7B-FB1A8D0C7663}.AppStore|iPhone.Deploy.0 = Debug|Any CPU
		{2AB51C16-0D45-4CA2-9D7B-FB1A8D0C7663}.AppStore|iPhoneSimulator.ActiveCfg = Debug|Any CPU
		{2AB51C16-0D45-4CA2-9D7B-FB1A8D0C7663}.AppStore|iPhoneSimulator.Build.0 = Debug|Any CPU
		{2AB51C16-0D45-4CA2-9D7B-FB1A8D0C7663}.AppStore|iPhoneSimulator.Deploy.0 = Debug|Any CPU
		{2AB51C16-0D45-4CA2-9D7B-FB1A8D0C7663}.Debug|Any CPU.ActiveCfg = Debug|Any CPU
		{2AB51C16-0D45-4CA2-9D7B-FB1A8D0C7663}.Debug|Any CPU.Build.0 = Debug|Any CPU
		{2AB51C16-0D45-4CA2-9D7B-FB1A8D0C7663}.Debug|Any CPU.Deploy.0 = Debug|Any CPU
		{2AB51C16-0D45-4CA2-9D7B-FB1A8D0C7663}.Debug|iPhone.ActiveCfg = Debug|Any CPU
		{2AB51C16-0D45-4CA2-9D7B-FB1A8D0C7663}.Debug|iPhone.Build.0 = Debug|Any CPU
		{2AB51C16-0D45-4CA2-9D7B-FB1A8D0C7663}.Debug|iPhone.Deploy.0 = Debug|Any CPU
		{2AB51C16-0D45-4CA2-9D7B-FB1A8D0C7663}.Debug|iPhoneSimulator.ActiveCfg = Debug|Any CPU
		{2AB51C16-0D45-4CA2-9D7B-FB1A8D0C7663}.Debug|iPhoneSimulator.Build.0 = Debug|Any CPU
		{2AB51C16-0D45-4CA2-9D7B-FB1A8D0C7663}.Debug|iPhoneSimulator.Deploy.0 = Debug|Any CPU
		{2AB51C16-0D45-4CA2-9D7B-FB1A8D0C7663}.Release|Any CPU.ActiveCfg = Release|Any CPU
		{2AB51C16-0D45-4CA2-9D7B-FB1A8D0C7663}.Release|Any CPU.Build.0 = Release|Any CPU
		{2AB51C16-0D45-4CA2-9D7B-FB1A8D0C7663}.Release|Any CPU.Deploy.0 = Release|Any CPU
		{2AB51C16-0D45-4CA2-9D7B-FB1A8D0C7663}.Release|iPhone.ActiveCfg = Release|Any CPU
		{2AB51C16-0D45-4CA2-9D7B-FB1A8D0C7663}.Release|iPhone.Build.0 = Release|Any CPU
		{2AB51C16-0D45-4CA2-9D7B-FB1A8D0C7663}.Release|iPhone.Deploy.0 = Release|Any CPU
		{2AB51C16-0D45-4CA2-9D7B-FB1A8D0C7663}.Release|iPhoneSimulator.ActiveCfg = Release|Any CPU
		{2AB51C16-0D45-4CA2-9D7B-FB1A8D0C7663}.Release|iPhoneSimulator.Build.0 = Release|Any CPU
		{2AB51C16-0D45-4CA2-9D7B-FB1A8D0C7663}.Release|iPhoneSimulator.Deploy.0 = Release|Any CPU
	EndGlobalSection
	GlobalSection(SolutionProperties) = preSolution
		HideSolutionNode = FALSE
	EndGlobalSection
	GlobalSection(ExtensibilityGlobals) = postSolution
		SolutionGuid = {CBD42390-06A1-41A1-9854-9B0141BBAB43}
	EndGlobalSection
EndGlobal
